
Microsoft Visual Studio Solution File, Format Version 12.00
# Visual Studio Version 16
VisualStudioVersion = 16.0.30503.244
MinimumVisualStudioVersion = 10.0.40219.1
Project("{FAE04EC0-301F-11D3-BF4B-00C04F79EFBC}") = "Entidades", "Entidades\Entidades.csproj", "{A2B7C888-655C-4E36-8A5A-3017C5747C5C}"
EndProject
Project("{FAE04EC0-301F-11D3-BF4B-00C04F79EFBC}") = "FormKwikEMart", "WindowsFormsApp1\FormKwikEMart.csproj", "{F1A3B473-D9A7-4AA9-8CD3-5B2CD3B8053D}"
EndProject
Project("{FAE04EC0-301F-11D3-BF4B-00C04F79EFBC}") = "MenuProductos", "MenuProductos\MenuProductos.csproj", "{57F39E5D-DAB4-49B9-B05B-302DA4EB96C1}"
EndProject
Project("{FAE04EC0-301F-11D3-BF4B-00C04F79EFBC}") = "MenuVentas", "MenuVentas\MenuVentas.csproj", "{E9D3CFA0-E759-4180-87D7-6A73AA9BC81A}"
EndProject
Project("{FAE04EC0-301F-11D3-BF4B-00C04F79EFBC}") = "MenuClientes", "MenuClientes\MenuClientes.csproj", "{4A4C55E6-369D-422C-A66E-41CCF7942C1B}"
EndProject
Project("{FAE04EC0-301F-11D3-BF4B-00C04F79EFBC}") = "MenuEmpleados", "MenuEmpleados\MenuEmpleados.csproj", "{9B064268-3254-4F1A-A696-08585C1EE1AB}"
EndProject
Project("{FAE04EC0-301F-11D3-BF4B-00C04F79EFBC}") = "FormAgregar", "FormAgregar\FormAgregar.csproj", "{37E15382-3643-482F-B50A-F24E7A1BFCF5}"
EndProject
Global
	GlobalSection(SolutionConfigurationPlatforms) = preSolution
		Debug|Any CPU = Debug|Any CPU
		Release|Any CPU = Release|Any CPU
	EndGlobalSection
	GlobalSection(ProjectConfigurationPlatforms) = postSolution
		{A2B7C888-655C-4E36-8A5A-3017C5747C5C}.Debug|Any CPU.ActiveCfg = Debug|Any CPU
		{A2B7C888-655C-4E36-8A5A-3017C5747C5C}.Debug|Any CPU.Build.0 = Debug|Any CPU
		{A2B7C888-655C-4E36-8A5A-3017C5747C5C}.Release|Any CPU.ActiveCfg = Release|Any CPU
		{A2B7C888-655C-4E36-8A5A-3017C5747C5C}.Release|Any CPU.Build.0 = Release|Any CPU
		{F1A3B473-D9A7-4AA9-8CD3-5B2CD3B8053D}.Debug|Any CPU.ActiveCfg = Debug|Any CPU
		{F1A3B473-D9A7-4AA9-8CD3-5B2CD3B8053D}.Debug|Any CPU.Build.0 = Debug|Any CPU
		{F1A3B473-D9A7-4AA9-8CD3-5B2CD3B8053D}.Release|Any CPU.ActiveCfg = Release|Any CPU
		{F1A3B473-D9A7-4AA9-8CD3-5B2CD3B8053D}.Release|Any CPU.Build.0 = Release|Any CPU
		{57F39E5D-DAB4-49B9-B05B-302DA4EB96C1}.Debug|Any CPU.ActiveCfg = Debug|Any CPU
		{57F39E5D-DAB4-49B9-B05B-302DA4EB96C1}.Debug|Any CPU.Build.0 = Debug|Any CPU
		{57F39E5D-DAB4-49B9-B05B-302DA4EB96C1}.Release|Any CPU.ActiveCfg = Release|Any CPU
		{57F39E5D-DAB4-49B9-B05B-302DA4EB96C1}.Release|Any CPU.Build.0 = Release|Any CPU
		{E9D3CFA0-E759-4180-87D7-6A73AA9BC81A}.Debug|Any CPU.ActiveCfg = Debug|Any CPU
		{E9D3CFA0-E759-4180-87D7-6A73AA9BC81A}.Debug|Any CPU.Build.0 = Debug|Any CPU
		{E9D3CFA0-E759-4180-87D7-6A73AA9BC81A}.Release|Any CPU.ActiveCfg = Release|Any CPU
		{E9D3CFA0-E759-4180-87D7-6A73AA9BC81A}.Release|Any CPU.Build.0 = Release|Any CPU
		{4A4C55E6-369D-422C-A66E-41CCF7942C1B}.Debug|Any CPU.ActiveCfg = Debug|Any CPU
		{4A4C55E6-369D-422C-A66E-41CCF7942C1B}.Debug|Any CPU.Build.0 = Debug|Any CPU
		{4A4C55E6-369D-422C-A66E-41CCF7942C1B}.Release|Any CPU.ActiveCfg = Release|Any CPU
		{4A4C55E6-369D-422C-A66E-41CCF7942C1B}.Release|Any CPU.Build.0 = Release|Any CPU
		{9B064268-3254-4F1A-A696-08585C1EE1AB}.Debug|Any CPU.ActiveCfg = Debug|Any CPU
		{9B064268-3254-4F1A-A696-08585C1EE1AB}.Debug|Any CPU.Build.0 = Debug|Any CPU
		{9B064268-3254-4F1A-A696-08585C1EE1AB}.Release|Any CPU.ActiveCfg = Release|Any CPU
		{9B064268-3254-4F1A-A696-08585C1EE1AB}.Release|Any CPU.Build.0 = Release|Any CPU
		{37E15382-3643-482F-B50A-F24E7A1BFCF5}.Debug|Any CPU.ActiveCfg = Debug|Any CPU
		{37E15382-3643-482F-B50A-F24E7A1BFCF5}.Debug|Any CPU.Build.0 = Debug|Any CPU
		{37E15382-3643-482F-B50A-F24E7A1BFCF5}.Release|Any CPU.ActiveCfg = Release|Any CPU
		{37E15382-3643-482F-B50A-F24E7A1BFCF5}.Release|Any CPU.Build.0 = Release|Any CPU
	EndGlobalSection
	GlobalSection(SolutionProperties) = preSolution
		HideSolutionNode = FALSE
	EndGlobalSection
	GlobalSection(ExtensibilityGlobals) = postSolution
		SolutionGuid = {14829A99-BB53-48E4-8A1A-EE0B4202DE2D}
	EndGlobalSection
EndGlobal
