
Microsoft Visual Studio Solution File, Format Version 12.00
# Visual Studio Version 16
VisualStudioVersion = 16.0.31205.134
MinimumVisualStudioVersion = 10.0.40219.1
Project("{FAE04EC0-301F-11D3-BF4B-00C04F79EFBC}") = "Entidades", "Entidades\Entidades.csproj", "{7116993D-2001-4AF6-B7A5-A81499339E0F}"
EndProject
Project("{FAE04EC0-301F-11D3-BF4B-00C04F79EFBC}") = "FrmTest", "FrmTest\FrmTest.csproj", "{2A3DF112-6849-46E4-91CA-921EEC338882}"
EndProject
Global
	GlobalSection(SolutionConfigurationPlatforms) = preSolution
		Debug|Any CPU = Debug|Any CPU
		Release|Any CPU = Release|Any CPU
	EndGlobalSection
	GlobalSection(ProjectConfigurationPlatforms) = postSolution
		{7116993D-2001-4AF6-B7A5-A81499339E0F}.Debug|Any CPU.ActiveCfg = Debug|Any CPU
		{7116993D-2001-4AF6-B7A5-A81499339E0F}.Debug|Any CPU.Build.0 = Debug|Any CPU
		{7116993D-2001-4AF6-B7A5-A81499339E0F}.Release|Any CPU.ActiveCfg = Release|Any CPU
		{7116993D-2001-4AF6-B7A5-A81499339E0F}.Release|Any CPU.Build.0 = Release|Any CPU
		{2A3DF112-6849-46E4-91CA-921EEC338882}.Debug|Any CPU.ActiveCfg = Debug|Any CPU
		{2A3DF112-6849-46E4-91CA-921EEC338882}.Debug|Any CPU.Build.0 = Debug|Any CPU
		{2A3DF112-6849-46E4-91CA-921EEC338882}.Release|Any CPU.ActiveCfg = Release|Any CPU
		{2A3DF112-6849-46E4-91CA-921EEC338882}.Release|Any CPU.Build.0 = Release|Any CPU
	EndGlobalSection
	GlobalSection(SolutionProperties) = preSolution
		HideSolutionNode = FALSE
	EndGlobalSection
	GlobalSection(ExtensibilityGlobals) = postSolution
		SolutionGuid = {9E9AEA0F-8980-453A-997E-1B5964A69625}
	EndGlobalSection
EndGlobal
