
Microsoft Visual Studio Solution File, Format Version 12.00
# Visual Studio Version 16
VisualStudioVersion = 16.0.30621.155
MinimumVisualStudioVersion = 10.0.40219.1
Project("{FAE04EC0-301F-11D3-BF4B-00C04F79EFBC}") = "FormPpal", "FormEnvios\FormPpal.csproj", "{49F7045E-BBD0-47BB-AB8B-5BADD0EC8D99}"
EndProject
Project("{FAE04EC0-301F-11D3-BF4B-00C04F79EFBC}") = "Entidades", "Entidades\Entidades.csproj", "{C7BE128E-0980-42B5-8089-E2FAE914E044}"
EndProject
Project("{FAE04EC0-301F-11D3-BF4B-00C04F79EFBC}") = "Excepciones", "..\..\..\TPS labo\TPS-LABORATORIO-2\deRenzis.Bruno.2D.TP4\Excepciones\Excepciones.csproj", "{CEEA95F5-D1F2-49F1-BC02-65C7C23ED9EA}"
EndProject
Project("{FAE04EC0-301F-11D3-BF4B-00C04F79EFBC}") = "Archivos", "..\..\..\TPS labo\TPS-LABORATORIO-2\deRenzis.Bruno.2D.TP4\Archivos\Archivos.csproj", "{66FCA638-869C-42AB-9ACE-CFDC462A15A2}"
EndProject
Project("{FAE04EC0-301F-11D3-BF4B-00C04F79EFBC}") = "Testing2Parcial", "Testing2Parcial\Testing2Parcial.csproj", "{0A4FDE8C-72B1-48AE-99C2-2B8A0FF270F0}"
EndProject
Global
	GlobalSection(SolutionConfigurationPlatforms) = preSolution
		Debug|Any CPU = Debug|Any CPU
		Release|Any CPU = Release|Any CPU
	EndGlobalSection
	GlobalSection(ProjectConfigurationPlatforms) = postSolution
		{49F7045E-BBD0-47BB-AB8B-5BADD0EC8D99}.Debug|Any CPU.ActiveCfg = Debug|Any CPU
		{49F7045E-BBD0-47BB-AB8B-5BADD0EC8D99}.Debug|Any CPU.Build.0 = Debug|Any CPU
		{49F7045E-BBD0-47BB-AB8B-5BADD0EC8D99}.Release|Any CPU.ActiveCfg = Release|Any CPU
		{49F7045E-BBD0-47BB-AB8B-5BADD0EC8D99}.Release|Any CPU.Build.0 = Release|Any CPU
		{C7BE128E-0980-42B5-8089-E2FAE914E044}.Debug|Any CPU.ActiveCfg = Debug|Any CPU
		{C7BE128E-0980-42B5-8089-E2FAE914E044}.Debug|Any CPU.Build.0 = Debug|Any CPU
		{C7BE128E-0980-42B5-8089-E2FAE914E044}.Release|Any CPU.ActiveCfg = Release|Any CPU
		{C7BE128E-0980-42B5-8089-E2FAE914E044}.Release|Any CPU.Build.0 = Release|Any CPU
		{CEEA95F5-D1F2-49F1-BC02-65C7C23ED9EA}.Debug|Any CPU.ActiveCfg = Debug|Any CPU
		{CEEA95F5-D1F2-49F1-BC02-65C7C23ED9EA}.Debug|Any CPU.Build.0 = Debug|Any CPU
		{CEEA95F5-D1F2-49F1-BC02-65C7C23ED9EA}.Release|Any CPU.ActiveCfg = Release|Any CPU
		{CEEA95F5-D1F2-49F1-BC02-65C7C23ED9EA}.Release|Any CPU.Build.0 = Release|Any CPU
		{66FCA638-869C-42AB-9ACE-CFDC462A15A2}.Debug|Any CPU.ActiveCfg = Debug|Any CPU
		{66FCA638-869C-42AB-9ACE-CFDC462A15A2}.Debug|Any CPU.Build.0 = Debug|Any CPU
		{66FCA638-869C-42AB-9ACE-CFDC462A15A2}.Release|Any CPU.ActiveCfg = Release|Any CPU
		{66FCA638-869C-42AB-9ACE-CFDC462A15A2}.Release|Any CPU.Build.0 = Release|Any CPU
		{0A4FDE8C-72B1-48AE-99C2-2B8A0FF270F0}.Debug|Any CPU.ActiveCfg = Debug|Any CPU
		{0A4FDE8C-72B1-48AE-99C2-2B8A0FF270F0}.Debug|Any CPU.Build.0 = Debug|Any CPU
		{0A4FDE8C-72B1-48AE-99C2-2B8A0FF270F0}.Release|Any CPU.ActiveCfg = Release|Any CPU
		{0A4FDE8C-72B1-48AE-99C2-2B8A0FF270F0}.Release|Any CPU.Build.0 = Release|Any CPU
	EndGlobalSection
	GlobalSection(SolutionProperties) = preSolution
		HideSolutionNode = FALSE
	EndGlobalSection
	GlobalSection(ExtensibilityGlobals) = postSolution
		SolutionGuid = {39A3200F-1721-4117-B770-085FA6B8ED2A}
	EndGlobalSection
EndGlobal
