
Microsoft Visual Studio Solution File, Format Version 12.00
# Visual Studio Version 16
VisualStudioVersion = 16.0.31205.134
MinimumVisualStudioVersion = 10.0.40219.1
Project("{FAE04EC0-301F-11D3-BF4B-00C04F79EFBC}") = "PrimerParcialBrunoDeRenzis", "PrimerParcialBrunoDeRenzis\PrimerParcialBrunoDeRenzis.csproj", "{FC07C590-CD8C-45DE-9ED3-B7913D6C7A8A}"
EndProject
Project("{FAE04EC0-301F-11D3-BF4B-00C04F79EFBC}") = "Entidades", "Entidades\Entidades.csproj", "{8C9A9402-A3A1-47B0-9A43-565FC920A84D}"
EndProject
Global
	GlobalSection(SolutionConfigurationPlatforms) = preSolution
		Debug|Any CPU = Debug|Any CPU
		Release|Any CPU = Release|Any CPU
	EndGlobalSection
	GlobalSection(ProjectConfigurationPlatforms) = postSolution
		{FC07C590-CD8C-45DE-9ED3-B7913D6C7A8A}.Debug|Any CPU.ActiveCfg = Debug|Any CPU
		{FC07C590-CD8C-45DE-9ED3-B7913D6C7A8A}.Debug|Any CPU.Build.0 = Debug|Any CPU
		{FC07C590-CD8C-45DE-9ED3-B7913D6C7A8A}.Release|Any CPU.ActiveCfg = Release|Any CPU
		{FC07C590-CD8C-45DE-9ED3-B7913D6C7A8A}.Release|Any CPU.Build.0 = Release|Any CPU
		{8C9A9402-A3A1-47B0-9A43-565FC920A84D}.Debug|Any CPU.ActiveCfg = Debug|Any CPU
		{8C9A9402-A3A1-47B0-9A43-565FC920A84D}.Debug|Any CPU.Build.0 = Debug|Any CPU
		{8C9A9402-A3A1-47B0-9A43-565FC920A84D}.Release|Any CPU.ActiveCfg = Release|Any CPU
		{8C9A9402-A3A1-47B0-9A43-565FC920A84D}.Release|Any CPU.Build.0 = Release|Any CPU
	EndGlobalSection
	GlobalSection(SolutionProperties) = preSolution
		HideSolutionNode = FALSE
	EndGlobalSection
	GlobalSection(ExtensibilityGlobals) = postSolution
		SolutionGuid = {7986727B-DFD0-4382-87E7-F88ABEDF5859}
	EndGlobalSection
EndGlobal
